
Microsoft Visual Studio Solution File, Format Version 12.00
# Visual Studio Version 17
VisualStudioVersion = 17.4.33205.214
MinimumVisualStudioVersion = 10.0.40219.1
Project("{FAE04EC0-301F-11D3-BF4B-00C04F79EFBC}") = "ChatClient", "ChatApp\ChatClient.csproj", "{F4463844-07B6-4F1A-8FF1-2C7E2C1C2F36}"
EndProject
Project("{FAE04EC0-301F-11D3-BF4B-00C04F79EFBC}") = "ChatServer", "ChatServer\ChatServer.csproj", "{8EFA845A-5FBD-4446-BF70-1456E93C005B}"
EndProject
Global
	GlobalSection(SolutionConfigurationPlatforms) = preSolution
		Debug|Any CPU = Debug|Any CPU
		Release|Any CPU = Release|Any CPU
	EndGlobalSection
	GlobalSection(ProjectConfigurationPlatforms) = postSolution
		{F4463844-07B6-4F1A-8FF1-2C7E2C1C2F36}.Debug|Any CPU.ActiveCfg = Debug|Any CPU
		{F4463844-07B6-4F1A-8FF1-2C7E2C1C2F36}.Debug|Any CPU.Build.0 = Debug|Any CPU
		{F4463844-07B6-4F1A-8FF1-2C7E2C1C2F36}.Release|Any CPU.ActiveCfg = Release|Any CPU
		{F4463844-07B6-4F1A-8FF1-2C7E2C1C2F36}.Release|Any CPU.Build.0 = Release|Any CPU
		{8EFA845A-5FBD-4446-BF70-1456E93C005B}.Debug|Any CPU.ActiveCfg = Debug|Any CPU
		{8EFA845A-5FBD-4446-BF70-1456E93C005B}.Debug|Any CPU.Build.0 = Debug|Any CPU
		{8EFA845A-5FBD-4446-BF70-1456E93C005B}.Release|Any CPU.ActiveCfg = Release|Any CPU
		{8EFA845A-5FBD-4446-BF70-1456E93C005B}.Release|Any CPU.Build.0 = Release|Any CPU
	EndGlobalSection
	GlobalSection(SolutionProperties) = preSolution
		HideSolutionNode = FALSE
	EndGlobalSection
	GlobalSection(ExtensibilityGlobals) = postSolution
		SolutionGuid = {B56E4DB5-D197-48E5-876E-794347F0B2CE}
	EndGlobalSection
EndGlobal
